// !$*UTF8*$!
{
	archiveVersion = 1;
	classes = {
	};
	objectVersion = 56;
	objects = {

/* Begin PBXBuildFile section */
		4BB371482C9284A600F2AC6F /* AppDelegate.m in Sources */ = {isa = PBXBuildFile; fileRef = 4BB371472C9284A600F2AC6F /* AppDelegate.m */; };
		4BB3714B2C9284A600F2AC6F /* SceneDelegate.m in Sources */ = {isa = PBXBuildFile; fileRef = 4BB3714A2C9284A600F2AC6F /* SceneDelegate.m */; };
		4BB3714E2C9284A600F2AC6F /* ViewController.m in Sources */ = {isa = PBXBuildFile; fileRef = 4BB3714D2C9284A600F2AC6F /* ViewController.m */; };
		4BB371512C9284A600F2AC6F /* Base in Resources */ = {isa = PBXBuildFile; fileRef = 4BB371502C9284A600F2AC6F /* Base */; };
		4BB371532C9284A800F2AC6F /* Assets.xcassets in Resources */ = {isa = PBXBuildFile; fileRef = 4BB371522C9284A800F2AC6F /* Assets.xcassets */; };
		4BB371562C9284A800F2AC6F /* Base in Resources */ = {isa = PBXBuildFile; fileRef = 4BB371552C9284A800F2AC6F /* Base */; };
		4BB371592C9284A800F2AC6F /* main.m in Sources */ = {isa = PBXBuildFile; fileRef = 4BB371582C9284A800F2AC6F /* main.m */; };
		4BB371612C92850500F2AC6F /* LKEncryptionTools.m in Sources */ = {isa = PBXBuildFile; fileRef = 4BB371602C92850500F2AC6F /* LKEncryptionTools.m */; };
		4BB371662C928BB500F2AC6F /* LKHelpTools.m in Sources */ = {isa = PBXBuildFile; fileRef = 4BB371652C928BB500F2AC6F /* LKHelpTools.m */; };
/* End PBXBuildFile section */

/* Begin PBXFileReference section */
		4BB371432C9284A600F2AC6F /* EncryptionDemo.app */ = {isa = PBXFileReference; explicitFileType = wrapper.application; includeInIndex = 0; path = EncryptionDemo.app; sourceTree = BUILT_PRODUCTS_DIR; };
		4BB371462C9284A600F2AC6F /* AppDelegate.h */ = {isa = PBXFileReference; lastKnownFileType = sourcecode.c.h; path = AppDelegate.h; sourceTree = "<group>"; };
		4BB371472C9284A600F2AC6F /* AppDelegate.m */ = {isa = PBXFileReference; lastKnownFileType = sourcecode.c.objc; path = AppDelegate.m; sourceTree = "<group>"; };
		4BB371492C9284A600F2AC6F /* SceneDelegate.h */ = {isa = PBXFileReference; lastKnownFileType = sourcecode.c.h; path = SceneDelegate.h; sourceTree = "<group>"; };
		4BB3714A2C9284A600F2AC6F /* SceneDelegate.m */ = {isa = PBXFileReference; lastKnownFileType = sourcecode.c.objc; path = SceneDelegate.m; sourceTree = "<group>"; };
		4BB3714C2C9284A600F2AC6F /* ViewController.h */ = {isa = PBXFileReference; lastKnownFileType = sourcecode.c.h; path = ViewController.h; sourceTree = "<group>"; };
		4BB3714D2C9284A600F2AC6F /* ViewController.m */ = {isa = PBXFileReference; lastKnownFileType = sourcecode.c.objc; path = ViewController.m; sourceTree = "<group>"; };
		4BB371502C9284A600F2AC6F /* Base */ = {isa = PBXFileReference; lastKnownFileType = file.storyboard; name = Base; path = Base.lproj/Main.storyboard; sourceTree = "<group>"; };
		4BB371522C9284A800F2AC6F /* Assets.xcassets */ = {isa = PBXFileReference; lastKnownFileType = folder.assetcatalog; path = Assets.xcassets; sourceTree = "<group>"; };
		4BB371552C9284A800F2AC6F /* Base */ = {isa = PBXFileReference; lastKnownFileType = file.storyboard; name = Base; path = Base.lproj/LaunchScreen.storyboard; sourceTree = "<group>"; };
		4BB371572C9284A800F2AC6F /* Info.plist */ = {isa = PBXFileReference; lastKnownFileType = text.plist.xml; path = Info.plist; sourceTree = "<group>"; };
		4BB371582C9284A800F2AC6F /* main.m */ = {isa = PBXFileReference; lastKnownFileType = sourcecode.c.objc; path = main.m; sourceTree = "<group>"; };
		4BB3715F2C92850500F2AC6F /* LKEncryptionTools.h */ = {isa = PBXFileReference; lastKnownFileType = sourcecode.c.h; path = LKEncryptionTools.h; sourceTree = "<group>"; };
		4BB371602C92850500F2AC6F /* LKEncryptionTools.m */ = {isa = PBXFileReference; lastKnownFileType = sourcecode.c.objc; path = LKEncryptionTools.m; sourceTree = "<group>"; };
		4BB371642C928BB500F2AC6F /* LKHelpTools.h */ = {isa = PBXFileReference; lastKnownFileType = sourcecode.c.h; path = LKHelpTools.h; sourceTree = "<group>"; };
		4BB371652C928BB500F2AC6F /* LKHelpTools.m */ = {isa = PBXFileReference; lastKnownFileType = sourcecode.c.objc; path = LKHelpTools.m; sourceTree = "<group>"; };
/* End PBXFileReference section */

/* Begin PBXFrameworksBuildPhase section */
		4BB371402C9284A600F2AC6F /* Frameworks */ = {
			isa = PBXFrameworksBuildPhase;
			buildActionMask = 2147483647;
			files = (
			);
			runOnlyForDeploymentPostprocessing = 0;
		};
/* End PBXFrameworksBuildPhase section */

/* Begin PBXGroup section */
		4BB3713A2C9284A600F2AC6F = {
			isa = PBXGroup;
			children = (
				4BB371452C9284A600F2AC6F /* EncryptionDemo */,
				4BB371442C9284A600F2AC6F /* Products */,
			);
			sourceTree = "<group>";
		};
		4BB371442C9284A600F2AC6F /* Products */ = {
			isa = PBXGroup;
			children = (
				4BB371432C9284A600F2AC6F /* EncryptionDemo.app */,
			);
			name = Products;
			sourceTree = "<group>";
		};
		4BB371452C9284A600F2AC6F /* EncryptionDemo */ = {
			isa = PBXGroup;
			children = (
				4BB371632C928B9000F2AC6F /* Encryption */,
				4BB371622C928B8900F2AC6F /* Tools */,
				4BB371462C9284A600F2AC6F /* AppDelegate.h */,
				4BB371472C9284A600F2AC6F /* AppDelegate.m */,
				4BB371492C9284A600F2AC6F /* SceneDelegate.h */,
				4BB3714A2C9284A600F2AC6F /* SceneDelegate.m */,
				4BB3714C2C9284A600F2AC6F /* ViewController.h */,
				4BB3714D2C9284A600F2AC6F /* ViewController.m */,
				4BB3714F2C9284A600F2AC6F /* Main.storyboard */,
				4BB371522C9284A800F2AC6F /* Assets.xcassets */,
				4BB371542C9284A800F2AC6F /* LaunchScreen.storyboard */,
				4BB371572C9284A800F2AC6F /* Info.plist */,
				4BB371582C9284A800F2AC6F /* main.m */,
			);
			path = EncryptionDemo;
			sourceTree = "<group>";
		};
		4BB371622C928B8900F2AC6F /* Tools */ = {
			isa = PBXGroup;
			children = (
				4BB371642C928BB500F2AC6F /* LKHelpTools.h */,
				4BB371652C928BB500F2AC6F /* LKHelpTools.m */,
			);
			path = Tools;
			sourceTree = "<group>";
		};
		4BB371632C928B9000F2AC6F /* Encryption */ = {
			isa = PBXGroup;
			children = (
				4BB3715F2C92850500F2AC6F /* LKEncryptionTools.h */,
				4BB371602C92850500F2AC6F /* LKEncryptionTools.m */,
			);
			path = Encryption;
			sourceTree = "<group>";
		};
/* End PBXGroup section */

/* Begin PBXNativeTarget section */
		4BB371422C9284A600F2AC6F /* EncryptionDemo */ = {
			isa = PBXNativeTarget;
			buildConfigurationList = 4BB3715C2C9284A800F2AC6F /* Build configuration list for PBXNativeTarget "EncryptionDemo" */;
			buildPhases = (
				4BB3713F2C9284A600F2AC6F /* Sources */,
				4BB371402C9284A600F2AC6F /* Frameworks */,
				4BB371412C9284A600F2AC6F /* Resources */,
			);
			buildRules = (
			);
			dependencies = (
			);
			name = EncryptionDemo;
			productName = EncryptionDemo;
			productReference = 4BB371432C9284A600F2AC6F /* EncryptionDemo.app */;
			productType = "com.apple.product-type.application";
		};
/* End PBXNativeTarget section */

/* Begin PBXProject section */
		4BB3713B2C9284A600F2AC6F /* Project object */ = {
			isa = PBXProject;
			attributes = {
				BuildIndependentTargetsInParallel = 1;
				LastUpgradeCheck = 1540;
				TargetAttributes = {
					4BB371422C9284A600F2AC6F = {
						CreatedOnToolsVersion = 15.4;
					};
				};
			};
			buildConfigurationList = 4BB3713E2C9284A600F2AC6F /* Build configuration list for PBXProject "EncryptionDemo" */;
			compatibilityVersion = "Xcode 14.0";
			developmentRegion = en;
			hasScannedForEncodings = 0;
			knownRegions = (
				en,
				Base,
			);
			mainGroup = 4BB3713A2C9284A600F2AC6F;
			productRefGroup = 4BB371442C9284A600F2AC6F /* Products */;
			projectDirPath = "";
			projectRoot = "";
			targets = (
				4BB371422C9284A600F2AC6F /* EncryptionDemo */,
			);
		};
/* End PBXProject section */

/* Begin PBXResourcesBuildPhase section */
		4BB371412C9284A600F2AC6F /* Resources */ = {
			isa = PBXResourcesBuildPhase;
			buildActionMask = 2147483647;
			files = (
				4BB371532C9284A800F2AC6F /* Assets.xcassets in Resources */,
				4BB371562C9284A800F2AC6F /* Base in Resources */,
				4BB371512C9284A600F2AC6F /* Base in Resources */,
			);
			runOnlyForDeploymentPostprocessing = 0;
		};
/* End PBXResourcesBuildPhase section */

/* Begin PBXSourcesBuildPhase section */
		4BB3713F2C9284A600F2AC6F /* Sources */ = {
			isa = PBXSourcesBuildPhase;
			buildActionMask = 2147483647;
			files = (
				4BB371612C92850500F2AC6F /* LKEncryptionTools.m in Sources */,
				4BB3714E2C9284A600F2AC6F /* ViewController.m in Sources */,
				4BB371482C9284A600F2AC6F /* AppDelegate.m in Sources */,
				4BB371662C928BB500F2AC6F /* LKHelpTools.m in Sources */,
				4BB371592C9284A800F2AC6F /* main.m in Sources */,
				4BB3714B2C9284A600F2AC6F /* SceneDelegate.m in Sources */,
			);
			runOnlyForDeploymentPostprocessing = 0;
		};
/* End PBXSourcesBuildPhase section */

/* Begin PBXVariantGroup section */
		4BB3714F2C9284A600F2AC6F /* Main.storyboard */ = {
			isa = PBXVariantGroup;
			children = (
				4BB371502C9284A600F2AC6F /* Base */,
			);
			name = Main.storyboard;
			sourceTree = "<group>";
		};
		4BB371542C9284A800F2AC6F /* LaunchScreen.storyboard */ = {
			isa = PBXVariantGroup;
			children = (
				4BB371552C9284A800F2AC6F /* Base */,
			);
			name = LaunchScreen.storyboard;
			sourceTree = "<group>";
		};
/* End PBXVariantGroup section */

/* Begin XCBuildConfiguration section */
		4BB3715A2C9284A800F2AC6F /* Debug */ = {
			isa = XCBuildConfiguration;
			buildSettings = {
				ALWAYS_SEARCH_USER_PATHS = NO;
				ASSETCATALOG_COMPILER_GENERATE_SWIFT_ASSET_SYMBOL_EXTENSIONS = YES;
				CLANG_ANALYZER_NONNULL = YES;
				CLANG_ANALYZER_NUMBER_OBJECT_CONVERSION = YES_AGGRESSIVE;
				CLANG_CXX_LANGUAGE_STANDARD = "gnu++20";
				CLANG_ENABLE_MODULES = YES;
				CLANG_ENABLE_OBJC_ARC = YES;
				CLANG_ENABLE_OBJC_WEAK = YES;
				CLANG_WARN_BLOCK_CAPTURE_AUTORELEASING = YES;
				CLANG_WARN_BOOL_CONVERSION = YES;
				CLANG_WARN_COMMA = YES;
				CLANG_WARN_CONSTANT_CONVERSION = YES;
				CLANG_WARN_DEPRECATED_OBJC_IMPLEMENTATIONS = YES;
				CLANG_WARN_DIRECT_OBJC_ISA_USAGE = YES_ERROR;
				CLANG_WARN_DOCUMENTATION_COMMENTS = YES;
				CLANG_WARN_EMPTY_BODY = YES;
				CLANG_WARN_ENUM_CONVERSION = YES;
				CLANG_WARN_INFINITE_RECURSION = YES;
				CLANG_WARN_INT_CONVERSION = YES;
				CLANG_WARN_NON_LITERAL_NULL_CONVERSION = YES;
				CLANG_WARN_OBJC_IMPLICIT_RETAIN_SELF = YES;
				CLANG_WARN_OBJC_LITERAL_CONVERSION = YES;
				CLANG_WARN_OBJC_ROOT_CLASS = YES_ERROR;
				CLANG_WARN_QUOTED_INCLUDE_IN_FRAMEWORK_HEADER = YES;
				CLANG_WARN_RANGE_LOOP_ANALYSIS = YES;
				CLANG_WARN_STRICT_PROTOTYPES = YES;
				CLANG_WARN_SUSPICIOUS_MOVE = YES;
				CLANG_WARN_UNGUARDED_AVAILABILITY = YES_AGGRESSIVE;
				CLANG_WARN_UNREACHABLE_CODE = YES;
				CLANG_WARN__DUPLICATE_METHOD_MATCH = YES;
				COPY_PHASE_STRIP = NO;
				DEBUG_INFORMATION_FORMAT = dwarf;
				ENABLE_STRICT_OBJC_MSGSEND = YES;
				ENABLE_TESTABILITY = YES;
				ENABLE_USER_SCRIPT_SANDBOXING = YES;
				GCC_C_LANGUAGE_STANDARD = gnu17;
				GCC_DYNAMIC_NO_PIC = NO;
				GCC_NO_COMMON_BLOCKS = YES;
				GCC_OPTIMIZATION_LEVEL = 0;
				GCC_PREPROCESSOR_DEFINITIONS = (
					"DEBUG=1",
					"$(inherited)",
				);
				GCC_WARN_64_TO_32_BIT_CONVERSION = YES;
				GCC_WARN_ABOUT_RETURN_TYPE = YES_ERROR;
				GCC_WARN_UNDECLARED_SELECTOR = YES;
				GCC_WARN_UNINITIALIZED_AUTOS = YES_AGGRESSIVE;
				GCC_WARN_UNUSED_FUNCTION = YES;
				GCC_WARN_UNUSED_VARIABLE = YES;
				IPHONEOS_DEPLOYMENT_TARGET = 17.5;
				LOCALIZATION_PREFERS_STRING_CATALOGS = YES;
				MTL_ENABLE_DEBUG_INFO = INCLUDE_SOURCE;
				MTL_FAST_MATH = YES;
				ONLY_ACTIVE_ARCH = YES;
				SDKROOT = iphoneos;
			};
			name = Debug;
		};
		4BB3715B2C9284A800F2AC6F /* Release */ = {
			isa = XCBuildConfiguration;
			buildSettings = {
				ALWAYS_SEARCH_USER_PATHS = NO;
				ASSETCATALOG_COMPILER_GENERATE_SWIFT_ASSET_SYMBOL_EXTENSIONS = YES;
				CLANG_ANALYZER_NONNULL = YES;
				CLANG_ANALYZER_NUMBER_OBJECT_CONVERSION = YES_AGGRESSIVE;
				CLANG_CXX_LANGUAGE_STANDARD = "gnu++20";
				CLANG_ENABLE_MODULES = YES;
				CLANG_ENABLE_OBJC_ARC = YES;
				CLANG_ENABLE_OBJC_WEAK = YES;
				CLANG_WARN_BLOCK_CAPTURE_AUTORELEASING = YES;
				CLANG_WARN_BOOL_CONVERSION = YES;
				CLANG_WARN_COMMA = YES;
				CLANG_WARN_CONSTANT_CONVERSION = YES;
				CLANG_WARN_DEPRECATED_OBJC_IMPLEMENTATIONS = YES;
				CLANG_WARN_DIRECT_OBJC_ISA_USAGE = YES_ERROR;
				CLANG_WARN_DOCUMENTATION_COMMENTS = YES;
				CLANG_WARN_EMPTY_BODY = YES;
				CLANG_WARN_ENUM_CONVERSION = YES;
				CLANG_WARN_INFINITE_RECURSION = YES;
				CLANG_WARN_INT_CONVERSION = YES;
				CLANG_WARN_NON_LITERAL_NULL_CONVERSION = YES;
				CLANG_WARN_OBJC_IMPLICIT_RETAIN_SELF = YES;
				CLANG_WARN_OBJC_LITERAL_CONVERSION = YES;
				CLANG_WARN_OBJC_ROOT_CLASS = YES_ERROR;
				CLANG_WARN_QUOTED_INCLUDE_IN_FRAMEWORK_HEADER = YES;
				CLANG_WARN_RANGE_LOOP_ANALYSIS = YES;
				CLANG_WARN_STRICT_PROTOTYPES = YES;
				CLANG_WARN_SUSPICIOUS_MOVE = YES;
				CLANG_WARN_UNGUARDED_AVAILABILITY = YES_AGGRESSIVE;
				CLANG_WARN_UNREACHABLE_CODE = YES;
				CLANG_WARN__DUPLICATE_METHOD_MATCH = YES;
				COPY_PHASE_STRIP = NO;
				DEBUG_INFORMATION_FORMAT = "dwarf-with-dsym";
				ENABLE_NS_ASSERTIONS = NO;
				ENABLE_STRICT_OBJC_MSGSEND = YES;
				ENABLE_USER_SCRIPT_SANDBOXING = YES;
				GCC_C_LANGUAGE_STANDARD = gnu17;
				GCC_NO_COMMON_BLOCKS = YES;
				GCC_WARN_64_TO_32_BIT_CONVERSION = YES;
				GCC_WARN_ABOUT_RETURN_TYPE = YES_ERROR;
				GCC_WARN_UNDECLARED_SELECTOR = YES;
				GCC_WARN_UNINITIALIZED_AUTOS = YES_AGGRESSIVE;
				GCC_WARN_UNUSED_FUNCTION = YES;
				GCC_WARN_UNUSED_VARIABLE = YES;
				IPHONEOS_DEPLOYMENT_TARGET = 17.5;
				LOCALIZATION_PREFERS_STRING_CATALOGS = YES;
				MTL_ENABLE_DEBUG_INFO = NO;
				MTL_FAST_MATH = YES;
				SDKROOT = iphoneos;
				VALIDATE_PRODUCT = YES;
			};
			name = Release;
		};
		4BB3715D2C9284A800F2AC6F /* Debug */ = {
			isa = XCBuildConfiguration;
			buildSettings = {
				ASSETCATALOG_COMPILER_APPICON_NAME = AppIcon;
				ASSETCATALOG_COMPILER_GLOBAL_ACCENT_COLOR_NAME = AccentColor;
				CODE_SIGN_STYLE = Automatic;
				CURRENT_PROJECT_VERSION = 1;
				DEVELOPMENT_TEAM = 6Q5497XTFT;
				GENERATE_INFOPLIST_FILE = YES;
				INFOPLIST_FILE = EncryptionDemo/Info.plist;
				INFOPLIST_KEY_UIApplicationSupportsIndirectInputEvents = YES;
				INFOPLIST_KEY_UILaunchStoryboardName = LaunchScreen;
				INFOPLIST_KEY_UIMainStoryboardFile = Main;
				INFOPLIST_KEY_UISupportedInterfaceOrientations_iPad = "UIInterfaceOrientationPortrait UIInterfaceOrientationPortraitUpsideDown UIInterfaceOrientationLandscapeLeft UIInterfaceOrientationLandscapeRight";
				INFOPLIST_KEY_UISupportedInterfaceOrientations_iPhone = "UIInterfaceOrientationPortrait UIInterfaceOrientationLandscapeLeft UIInterfaceOrientationLandscapeRight";
				LD_RUNPATH_SEARCH_PATHS = (
					"$(inherited)",
					"@executable_path/Frameworks",
				);
				MARKETING_VERSION = 1.0;
				PRODUCT_BUNDLE_IDENTIFIER = com.kk.EncryptionDemo;
				PRODUCT_NAME = "$(TARGET_NAME)";
				SWIFT_EMIT_LOC_STRINGS = YES;
				TARGETED_DEVICE_FAMILY = "1,2";
			};
			name = Debug;
		};
		4BB3715E2C9284A800F2AC6F /* Release */ = {
			isa = XCBuildConfiguration;
			buildSettings = {
				ASSETCATALOG_COMPILER_APPICON_NAME = AppIcon;
				ASSETCATALOG_COMPILER_GLOBAL_ACCENT_COLOR_NAME = AccentColor;
				CODE_SIGN_STYLE = Automatic;
				CURRENT_PROJECT_VERSION = 1;
				DEVELOPMENT_TEAM = 6Q5497XTFT;
				GENERATE_INFOPLIST_FILE = YES;
				INFOPLIST_FILE = EncryptionDemo/Info.plist;
				INFOPLIST_KEY_UIApplicationSupportsIndirectInputEvents = YES;
				INFOPLIST_KEY_UILaunchStoryboardName = LaunchScreen;
				INFOPLIST_KEY_UIMainStoryboardFile = Main;
				INFOPLIST_KEY_UISupportedInterfaceOrientations_iPad = "UIInterfaceOrientationPortrait UIInterfaceOrientationPortraitUpsideDown UIInterfaceOrientationLandscapeLeft UIInterfaceOrientationLandscapeRight";
				INFOPLIST_KEY_UISupportedInterfaceOrientations_iPhone = "UIInterfaceOrientationPortrait UIInterfaceOrientationLandscapeLeft UIInterfaceOrientationLandscapeRight";
				LD_RUNPATH_SEARCH_PATHS = (
					"$(inherited)",
					"@executable_path/Frameworks",
				);
				MARKETING_VERSION = 1.0;
				PRODUCT_BUNDLE_IDENTIFIER = com.kk.EncryptionDemo;
				PRODUCT_NAME = "$(TARGET_NAME)";
				SWIFT_EMIT_LOC_STRINGS = YES;
				TARGETED_DEVICE_FAMILY = "1,2";
			};
			name = Release;
		};
/* End XCBuildConfiguration section */

/* Begin XCConfigurationList section */
		4BB3713E2C9284A600F2AC6F /* Build configuration list for PBXProject "EncryptionDemo" */ = {
			isa = XCConfigurationList;
			buildConfigurations = (
				4BB3715A2C9284A800F2AC6F /* Debug */,
				4BB3715B2C9284A800F2AC6F /* Release */,
			);
			defaultConfigurationIsVisible = 0;
			defaultConfigurationName = Release;
		};
		4BB3715C2C9284A800F2AC6F /* Build configuration list for PBXNativeTarget "EncryptionDemo" */ = {
			isa = XCConfigurationList;
			buildConfigurations = (
				4BB3715D2C9284A800F2AC6F /* Debug */,
				4BB3715E2C9284A800F2AC6F /* Release */,
			);
			defaultConfigurationIsVisible = 0;
			defaultConfigurationName = Release;
		};
/* End XCConfigurationList section */
	};
	rootObject = 4BB3713B2C9284A600F2AC6F /* Project object */;
}
